
Microsoft Visual Studio Solution File, Format Version 12.00
Project("{FAE04EC0-301F-11D3-BF4B-00C04F79EFBC}") = "TravelAgencyApi", "TravelAgencyApi\TravelAgencyApi.csproj", "{2AFC6A5E-6593-42D8-8C3F-EC01BFA2CA46}"
EndProject
Global
	GlobalSection(SolutionConfigurationPlatforms) = preSolution
		Debug|Any CPU = Debug|Any CPU
		Release|Any CPU = Release|Any CPU
	EndGlobalSection
	GlobalSection(ProjectConfigurationPlatforms) = postSolution
		{2AFC6A5E-6593-42D8-8C3F-EC01BFA2CA46}.Debug|Any CPU.ActiveCfg = Debug|Any CPU
		{2AFC6A5E-6593-42D8-8C3F-EC01BFA2CA46}.Debug|Any CPU.Build.0 = Debug|Any CPU
		{2AFC6A5E-6593-42D8-8C3F-EC01BFA2CA46}.Release|Any CPU.ActiveCfg = Release|Any CPU
		{2AFC6A5E-6593-42D8-8C3F-EC01BFA2CA46}.Release|Any CPU.Build.0 = Release|Any CPU
	EndGlobalSection
EndGlobal
